
Microsoft Visual Studio Solution File, Format Version 12.00
# Visual Studio Version 16
VisualStudioVersion = 16.0.31424.327
MinimumVisualStudioVersion = 10.0.40219.1
Project("{FAE04EC0-301F-11D3-BF4B-00C04F79EFBC}") = "movie-library", "movie-library.csproj", "{1DBAFDD9-79A9-4488-B8F9-87061505725F}"
EndProject
Global
	GlobalSection(SolutionConfigurationPlatforms) = preSolution
		Debug|Any CPU = Debug|Any CPU
		Release|Any CPU = Release|Any CPU
	EndGlobalSection
	GlobalSection(ProjectConfigurationPlatforms) = postSolution
		{1DBAFDD9-79A9-4488-B8F9-87061505725F}.Debug|Any CPU.ActiveCfg = Debug|Any CPU
		{1DBAFDD9-79A9-4488-B8F9-87061505725F}.Debug|Any CPU.Build.0 = Debug|Any CPU
		{1DBAFDD9-79A9-4488-B8F9-87061505725F}.Release|Any CPU.ActiveCfg = Release|Any CPU
		{1DBAFDD9-79A9-4488-B8F9-87061505725F}.Release|Any CPU.Build.0 = Release|Any CPU
	EndGlobalSection
	GlobalSection(SolutionProperties) = preSolution
		HideSolutionNode = FALSE
	EndGlobalSection
	GlobalSection(ExtensibilityGlobals) = postSolution
		SolutionGuid = {C68E13ED-B997-4F0D-AE40-ECB8C35CE58B}
	EndGlobalSection
EndGlobal
